
Microsoft Visual Studio Solution File, Format Version 12.00
# Visual Studio Version 16
VisualStudioVersion = 16.0.29326.143
MinimumVisualStudioVersion = 10.0.40219.1
Project("{FAE04EC0-301F-11D3-BF4B-00C04F79EFBC}") = "api-tavis", "api-tavis\api-tavis.csproj", "{BB0A5969-F2BF-441C-A141-8D55900AC008}"
EndProject
Global
	GlobalSection(SolutionConfigurationPlatforms) = preSolution
		Debug|Any CPU = Debug|Any CPU
		Release|Any CPU = Release|Any CPU
	EndGlobalSection
	GlobalSection(ProjectConfigurationPlatforms) = postSolution
		{BB0A5969-F2BF-441C-A141-8D55900AC008}.Debug|Any CPU.ActiveCfg = Debug|Any CPU
		{BB0A5969-F2BF-441C-A141-8D55900AC008}.Debug|Any CPU.Build.0 = Debug|Any CPU
		{BB0A5969-F2BF-441C-A141-8D55900AC008}.Release|Any CPU.ActiveCfg = Release|Any CPU
		{BB0A5969-F2BF-441C-A141-8D55900AC008}.Release|Any CPU.Build.0 = Release|Any CPU
	EndGlobalSection
	GlobalSection(SolutionProperties) = preSolution
		HideSolutionNode = FALSE
	EndGlobalSection
	GlobalSection(ExtensibilityGlobals) = postSolution
		SolutionGuid = {A0EFB370-87FF-4797-AFE5-C361E185E84D}
	EndGlobalSection
EndGlobal
